Microsoft Visual Studio Solution File, Format Version 12.00
# Visual Studio Version 17
VisualStudioVersion = 17.0.31903.59
MinimumVisualStudioVersion = 10.0.40219.1
Project("{FAE04EC0-301F-11D3-BF4B-00C04F79EFBC}") = "TornStockTravel", "TornStockTravel\TornStockTravel.csproj", "{A8C4D7A6-6301-4E44-A4D1-5A44D765D7F3}"
EndProject
Global
	GlobalSection(SolutionConfigurationPlatforms) = preSolution
		Debug|Any CPU = Debug|Any CPU
		Release|Any CPU = Release|Any CPU
	EndGlobalSection
	GlobalSection(ProjectConfigurationPlatforms) = postSolution
		{A8C4D7A6-6301-4E44-A4D1-5A44D765D7F3}.Debug|Any CPU.ActiveCfg = Debug|Any CPU
		{A8C4D7A6-6301-4E44-A4D1-5A44D765D7F3}.Debug|Any CPU.Build.0 = Debug|Any CPU
		{A8C4D7A6-6301-4E44-A4D1-5A44D765D7F3}.Release|Any CPU.ActiveCfg = Release|Any CPU
		{A8C4D7A6-6301-4E44-A4D1-5A44D765D7F3}.Release|Any CPU.Build.0 = Release|Any CPU
	EndGlobalSection
EndGlobal
